
Microsoft Visual Studio Solution File, Format Version 12.00
# Visual Studio Version 17
VisualStudioVersion = 17.14.36221.1
MinimumVisualStudioVersion = 10.0.40219.1
Project("{FAE04EC0-301F-11D3-BF4B-00C04F79EFBC}") = "BlackJackEngine", "BlackJackEngine\BlackJackEngine.csproj", "{79C6FA7E-A8BF-478F-8A18-3AD29FD329EE}"
EndProject
Project("{FAE04EC0-301F-11D3-BF4B-00C04F79EFBC}") = "BlackJackConsole", "BlackJackConsole\BlackJackConsole.csproj", "{043FB369-0305-4414-A9CB-71308DD39A70}"
EndProject
Project("{FAE04EC0-301F-11D3-BF4B-00C04F79EFBC}") = "BlackJack.Tests", "BlackJack.Tests\BlackJack.Tests.csproj", "{FF8D9A2B-B4EB-4E92-85BD-E346E2848DEF}"
EndProject
Global
	GlobalSection(SolutionConfigurationPlatforms) = preSolution
		Debug|Any CPU = Debug|Any CPU
		Release|Any CPU = Release|Any CPU
	EndGlobalSection
	GlobalSection(ProjectConfigurationPlatforms) = postSolution
		{79C6FA7E-A8BF-478F-8A18-3AD29FD329EE}.Debug|Any CPU.ActiveCfg = Debug|Any CPU
		{79C6FA7E-A8BF-478F-8A18-3AD29FD329EE}.Debug|Any CPU.Build.0 = Debug|Any CPU
		{79C6FA7E-A8BF-478F-8A18-3AD29FD329EE}.Release|Any CPU.ActiveCfg = Release|Any CPU
		{79C6FA7E-A8BF-478F-8A18-3AD29FD329EE}.Release|Any CPU.Build.0 = Release|Any CPU
		{043FB369-0305-4414-A9CB-71308DD39A70}.Debug|Any CPU.ActiveCfg = Debug|Any CPU
		{043FB369-0305-4414-A9CB-71308DD39A70}.Debug|Any CPU.Build.0 = Debug|Any CPU
		{043FB369-0305-4414-A9CB-71308DD39A70}.Release|Any CPU.ActiveCfg = Release|Any CPU
		{043FB369-0305-4414-A9CB-71308DD39A70}.Release|Any CPU.Build.0 = Release|Any CPU
		{FF8D9A2B-B4EB-4E92-85BD-E346E2848DEF}.Debug|Any CPU.ActiveCfg = Debug|Any CPU
		{FF8D9A2B-B4EB-4E92-85BD-E346E2848DEF}.Debug|Any CPU.Build.0 = Debug|Any CPU
		{FF8D9A2B-B4EB-4E92-85BD-E346E2848DEF}.Release|Any CPU.ActiveCfg = Release|Any CPU
		{FF8D9A2B-B4EB-4E92-85BD-E346E2848DEF}.Release|Any CPU.Build.0 = Release|Any CPU
	EndGlobalSection
	GlobalSection(SolutionProperties) = preSolution
		HideSolutionNode = FALSE
	EndGlobalSection
	GlobalSection(ExtensibilityGlobals) = postSolution
		SolutionGuid = {569346C7-D73B-4574-B14B-DE51A27EECC4}
	EndGlobalSection
EndGlobal
